
Microsoft Visual Studio Solution File, Format Version 12.00
# Visual Studio Version 17
VisualStudioVersion = 17.3.32811.315
MinimumVisualStudioVersion = 10.0.40219.1
Project("{E24C65DC-7377-472B-9ABA-BC803B73C61A}") = "WebSite4", ".", "{2ADA0EB0-A2A1-4B4C-9997-868320104712}"
	ProjectSection(WebsiteProperties) = preProject
		TargetFrameworkMoniker = ".NETFramework,Version%3Dv4.7.2"
		Debug.AspNetCompiler.VirtualPath = "/localhost_49743"
		Debug.AspNetCompiler.PhysicalPath = "..\WebSite4\"
		Debug.AspNetCompiler.TargetPath = "PrecompiledWeb\localhost_49743\"
		Debug.AspNetCompiler.Updateable = "true"
		Debug.AspNetCompiler.ForceOverwrite = "true"
		Debug.AspNetCompiler.FixedNames = "false"
		Debug.AspNetCompiler.Debug = "True"
		Release.AspNetCompiler.VirtualPath = "/localhost_49743"
		Release.AspNetCompiler.PhysicalPath = "..\WebSite4\"
		Release.AspNetCompiler.TargetPath = "PrecompiledWeb\localhost_49743\"
		Release.AspNetCompiler.Updateable = "true"
		Release.AspNetCompiler.ForceOverwrite = "true"
		Release.AspNetCompiler.FixedNames = "false"
		Release.AspNetCompiler.Debug = "False"
		VWDPort = "49743"
		SlnRelativePath = "..\WebSite4\"
		DefaultWebSiteLanguage = "Visual C#"
	EndProjectSection
EndProject
Global
	GlobalSection(SolutionConfigurationPlatforms) = preSolution
		Debug|Any CPU = Debug|Any CPU
	EndGlobalSection
	GlobalSection(ProjectConfigurationPlatforms) = postSolution
		{2ADA0EB0-A2A1-4B4C-9997-868320104712}.Debug|Any CPU.ActiveCfg = Debug|Any CPU
		{2ADA0EB0-A2A1-4B4C-9997-868320104712}.Debug|Any CPU.Build.0 = Debug|Any CPU
	EndGlobalSection
	GlobalSection(SolutionProperties) = preSolution
		HideSolutionNode = FALSE
	EndGlobalSection
	GlobalSection(ExtensibilityGlobals) = postSolution
		SolutionGuid = {47473A6F-4731-4CCC-8C62-2734F9E98DF0}
	EndGlobalSection
EndGlobal
